// !$*UTF8*$!
{
	archiveVersion = 1;
	classes = {
	};
	objectVersion = 55;
	objects = {

/* Begin PBXBuildFile section */
		1270B2A62859E9E000ABE8C0 /* ErrorMessage.swift in Sources */ = {isa = PBXBuildFile; fileRef = 1270B2A52859E9E000ABE8C0 /* ErrorMessage.swift */; };
		1270B2A82859EC9E00ABE8C0 /* Stock.swift in Sources */ = {isa = PBXBuildFile; fileRef = 1270B2A72859EC9E00ABE8C0 /* Stock.swift */; };
		12C135802858FD750002F85A /* AppDelegate.swift in Sources */ = {isa = PBXBuildFile; fileRef = 12C1357F2858FD750002F85A /* AppDelegate.swift */; };
		12C135822858FD750002F85A /* SceneDelegate.swift in Sources */ = {isa = PBXBuildFile; fileRef = 12C135812858FD750002F85A /* SceneDelegate.swift */; };
		12C135842858FD750002F85A /* StockListVC.swift in Sources */ = {isa = PBXBuildFile; fileRef = 12C135832858FD750002F85A /* StockListVC.swift */; };
		12C135892858FD760002F85A /* Assets.xcassets in Resources */ = {isa = PBXBuildFile; fileRef = 12C135882858FD760002F85A /* Assets.xcassets */; };
		12C1358C2858FD760002F85A /* LaunchScreen.storyboard in Resources */ = {isa = PBXBuildFile; fileRef = 12C1358A2858FD760002F85A /* LaunchScreen.storyboard */; };
		12C13594285911B30002F85A /* StockCell.swift in Sources */ = {isa = PBXBuildFile; fileRef = 12C13593285911B30002F85A /* StockCell.swift */; };
		12C13596285912500002F85A /* TRButton.swift in Sources */ = {isa = PBXBuildFile; fileRef = 12C13595285912500002F85A /* TRButton.swift */; };
		12C13598285926AD0002F85A /* StockIndicatorView.swift in Sources */ = {isa = PBXBuildFile; fileRef = 12C13597285926AD0002F85A /* StockIndicatorView.swift */; };
		12C1359A285930900002F85A /* TRTitleLabel.swift in Sources */ = {isa = PBXBuildFile; fileRef = 12C13599285930900002F85A /* TRTitleLabel.swift */; };
		12C1359C285931080002F85A /* TRSecondaryTitleLabel.swift in Sources */ = {isa = PBXBuildFile; fileRef = 12C1359B285931080002F85A /* TRSecondaryTitleLabel.swift */; };
		12E656452859C29C00D30C66 /* TRHeaderView.swift in Sources */ = {isa = PBXBuildFile; fileRef = 12E656442859C29C00D30C66 /* TRHeaderView.swift */; };
		12E656472859D00D00D30C66 /* NetworkManager.swift in Sources */ = {isa = PBXBuildFile; fileRef = 12E656462859D00D00D30C66 /* NetworkManager.swift */; };
/* End PBXBuildFile section */

/* Begin PBXFileReference section */
		1270B2A52859E9E000ABE8C0 /* ErrorMessage.swift */ = {isa = PBXFileReference; lastKnownFileType = sourcecode.swift; path = ErrorMessage.swift; sourceTree = "<group>"; };
		1270B2A72859EC9E00ABE8C0 /* Stock.swift */ = {isa = PBXFileReference; lastKnownFileType = sourcecode.swift; path = Stock.swift; sourceTree = "<group>"; };
		12C1357C2858FD750002F85A /* trader.app */ = {isa = PBXFileReference; explicitFileType = wrapper.application; includeInIndex = 0; path = trader.app; sourceTree = BUILT_PRODUCTS_DIR; };
		12C1357F2858FD750002F85A /* AppDelegate.swift */ = {isa = PBXFileReference; lastKnownFileType = sourcecode.swift; path = AppDelegate.swift; sourceTree = "<group>"; };
		12C135812858FD750002F85A /* SceneDelegate.swift */ = {isa = PBXFileReference; lastKnownFileType = sourcecode.swift; path = SceneDelegate.swift; sourceTree = "<group>"; };
		12C135832858FD750002F85A /* StockListVC.swift */ = {isa = PBXFileReference; lastKnownFileType = sourcecode.swift; path = StockListVC.swift; sourceTree = "<group>"; };
		12C135882858FD760002F85A /* Assets.xcassets */ = {isa = PBXFileReference; lastKnownFileType = folder.assetcatalog; path = Assets.xcassets; sourceTree = "<group>"; };
		12C1358B2858FD760002F85A /* Base */ = {isa = PBXFileReference; lastKnownFileType = file.storyboard; name = Base; path = Base.lproj/LaunchScreen.storyboard; sourceTree = "<group>"; };
		12C1358D2858FD760002F85A /* Info.plist */ = {isa = PBXFileReference; lastKnownFileType = text.plist.xml; path = Info.plist; sourceTree = "<group>"; };
		12C13593285911B30002F85A /* StockCell.swift */ = {isa = PBXFileReference; lastKnownFileType = sourcecode.swift; path = StockCell.swift; sourceTree = "<group>"; };
		12C13595285912500002F85A /* TRButton.swift */ = {isa = PBXFileReference; lastKnownFileType = sourcecode.swift; path = TRButton.swift; sourceTree = "<group>"; };
		12C13597285926AD0002F85A /* StockIndicatorView.swift */ = {isa = PBXFileReference; lastKnownFileType = sourcecode.swift; path = StockIndicatorView.swift; sourceTree = "<group>"; };
		12C13599285930900002F85A /* TRTitleLabel.swift */ = {isa = PBXFileReference; lastKnownFileType = sourcecode.swift; path = TRTitleLabel.swift; sourceTree = "<group>"; };
		12C1359B285931080002F85A /* TRSecondaryTitleLabel.swift */ = {isa = PBXFileReference; lastKnownFileType = sourcecode.swift; path = TRSecondaryTitleLabel.swift; sourceTree = "<group>"; };
		12E656442859C29C00D30C66 /* TRHeaderView.swift */ = {isa = PBXFileReference; lastKnownFileType = sourcecode.swift; path = TRHeaderView.swift; sourceTree = "<group>"; };
		12E656462859D00D00D30C66 /* NetworkManager.swift */ = {isa = PBXFileReference; lastKnownFileType = sourcecode.swift; path = NetworkManager.swift; sourceTree = "<group>"; };
/* End PBXFileReference section */

/* Begin PBXFrameworksBuildPhase section */
		12C135792858FD750002F85A /* Frameworks */ = {
			isa = PBXFrameworksBuildPhase;
			buildActionMask = 2147483647;
			files = (
			);
			runOnlyForDeploymentPostprocessing = 0;
		};
/* End PBXFrameworksBuildPhase section */

/* Begin PBXGroup section */
		12C135732858FD750002F85A = {
			isa = PBXGroup;
			children = (
				12C1357E2858FD750002F85A /* trader */,
				12C1357D2858FD750002F85A /* Products */,
			);
			sourceTree = "<group>";
		};
		12C1357D2858FD750002F85A /* Products */ = {
			isa = PBXGroup;
			children = (
				12C1357C2858FD750002F85A /* trader.app */,
			);
			name = Products;
			sourceTree = "<group>";
		};
		12C1357E2858FD750002F85A /* trader */ = {
			isa = PBXGroup;
			children = (
				12C1357F2858FD750002F85A /* AppDelegate.swift */,
				12C135812858FD750002F85A /* SceneDelegate.swift */,
				12C135832858FD750002F85A /* StockListVC.swift */,
				12C13597285926AD0002F85A /* StockIndicatorView.swift */,
				12C135882858FD760002F85A /* Assets.xcassets */,
				12C1358A2858FD760002F85A /* LaunchScreen.storyboard */,
				12C1358D2858FD760002F85A /* Info.plist */,
				12C13593285911B30002F85A /* StockCell.swift */,
				12C13595285912500002F85A /* TRButton.swift */,
				12C13599285930900002F85A /* TRTitleLabel.swift */,
				12C1359B285931080002F85A /* TRSecondaryTitleLabel.swift */,
				12E656442859C29C00D30C66 /* TRHeaderView.swift */,
				12E656462859D00D00D30C66 /* NetworkManager.swift */,
				1270B2A72859EC9E00ABE8C0 /* Stock.swift */,
				1270B2A52859E9E000ABE8C0 /* ErrorMessage.swift */,
			);
			path = trader;
			sourceTree = "<group>";
		};
/* End PBXGroup section */

/* Begin PBXNativeTarget section */
		12C1357B2858FD750002F85A /* trader */ = {
			isa = PBXNativeTarget;
			buildConfigurationList = 12C135902858FD760002F85A /* Build configuration list for PBXNativeTarget "trader" */;
			buildPhases = (
				12C135782858FD750002F85A /* Sources */,
				12C135792858FD750002F85A /* Frameworks */,
				12C1357A2858FD750002F85A /* Resources */,
			);
			buildRules = (
			);
			dependencies = (
			);
			name = trader;
			productName = trader;
			productReference = 12C1357C2858FD750002F85A /* trader.app */;
			productType = "com.apple.product-type.application";
		};
/* End PBXNativeTarget section */

/* Begin PBXProject section */
		12C135742858FD750002F85A /* Project object */ = {
			isa = PBXProject;
			attributes = {
				BuildIndependentTargetsInParallel = 1;
				LastSwiftUpdateCheck = 1340;
				LastUpgradeCheck = 1340;
				TargetAttributes = {
					12C1357B2858FD750002F85A = {
						CreatedOnToolsVersion = 13.4.1;
					};
				};
			};
			buildConfigurationList = 12C135772858FD750002F85A /* Build configuration list for PBXProject "trader" */;
			compatibilityVersion = "Xcode 13.0";
			developmentRegion = en;
			hasScannedForEncodings = 0;
			knownRegions = (
				en,
				Base,
			);
			mainGroup = 12C135732858FD750002F85A;
			productRefGroup = 12C1357D2858FD750002F85A /* Products */;
			projectDirPath = "";
			projectRoot = "";
			targets = (
				12C1357B2858FD750002F85A /* trader */,
			);
		};
/* End PBXProject section */

/* Begin PBXResourcesBuildPhase section */
		12C1357A2858FD750002F85A /* Resources */ = {
			isa = PBXResourcesBuildPhase;
			buildActionMask = 2147483647;
			files = (
				12C1358C2858FD760002F85A /* LaunchScreen.storyboard in Resources */,
				12C135892858FD760002F85A /* Assets.xcassets in Resources */,
			);
			runOnlyForDeploymentPostprocessing = 0;
		};
/* End PBXResourcesBuildPhase section */

/* Begin PBXSourcesBuildPhase section */
		12C135782858FD750002F85A /* Sources */ = {
			isa = PBXSourcesBuildPhase;
			buildActionMask = 2147483647;
			files = (
				12C135842858FD750002F85A /* StockListVC.swift in Sources */,
				12C13598285926AD0002F85A /* StockIndicatorView.swift in Sources */,
				1270B2A82859EC9E00ABE8C0 /* Stock.swift in Sources */,
				1270B2A62859E9E000ABE8C0 /* ErrorMessage.swift in Sources */,
				12E656472859D00D00D30C66 /* NetworkManager.swift in Sources */,
				12C135802858FD750002F85A /* AppDelegate.swift in Sources */,
				12C13596285912500002F85A /* TRButton.swift in Sources */,
				12C13594285911B30002F85A /* StockCell.swift in Sources */,
				12C1359A285930900002F85A /* TRTitleLabel.swift in Sources */,
				12C1359C285931080002F85A /* TRSecondaryTitleLabel.swift in Sources */,
				12E656452859C29C00D30C66 /* TRHeaderView.swift in Sources */,
				12C135822858FD750002F85A /* SceneDelegate.swift in Sources */,
			);
			runOnlyForDeploymentPostprocessing = 0;
		};
/* End PBXSourcesBuildPhase section */

/* Begin PBXVariantGroup section */
		12C1358A2858FD760002F85A /* LaunchScreen.storyboard */ = {
			isa = PBXVariantGroup;
			children = (
				12C1358B2858FD760002F85A /* Base */,
			);
			name = LaunchScreen.storyboard;
			sourceTree = "<group>";
		};
/* End PBXVariantGroup section */

/* Begin XCBuildConfiguration section */
		12C1358E2858FD760002F85A /* Debug */ = {
			isa = XCBuildConfiguration;
			buildSettings = {
				ALWAYS_SEARCH_USER_PATHS = NO;
				CLANG_ANALYZER_NONNULL = YES;
				CLANG_ANALYZER_NUMBER_OBJECT_CONVERSION = YES_AGGRESSIVE;
				CLANG_CXX_LANGUAGE_STANDARD = "gnu++17";
				CLANG_ENABLE_MODULES = YES;
				CLANG_ENABLE_OBJC_ARC = YES;
				CLANG_ENABLE_OBJC_WEAK = YES;
				CLANG_WARN_BLOCK_CAPTURE_AUTORELEASING = YES;
				CLANG_WARN_BOOL_CONVERSION = YES;
				CLANG_WARN_COMMA = YES;
				CLANG_WARN_CONSTANT_CONVERSION = YES;
				CLANG_WARN_DEPRECATED_OBJC_IMPLEMENTATIONS = YES;
				CLANG_WARN_DIRECT_OBJC_ISA_USAGE = YES_ERROR;
				CLANG_WARN_DOCUMENTATION_COMMENTS = YES;
				CLANG_WARN_EMPTY_BODY = YES;
				CLANG_WARN_ENUM_CONVERSION = YES;
				CLANG_WARN_INFINITE_RECURSION = YES;
				CLANG_WARN_INT_CONVERSION = YES;
				CLANG_WARN_NON_LITERAL_NULL_CONVERSION = YES;
				CLANG_WARN_OBJC_IMPLICIT_RETAIN_SELF = YES;
				CLANG_WARN_OBJC_LITERAL_CONVERSION = YES;
				CLANG_WARN_OBJC_ROOT_CLASS = YES_ERROR;
				CLANG_WARN_QUOTED_INCLUDE_IN_FRAMEWORK_HEADER = YES;
				CLANG_WARN_RANGE_LOOP_ANALYSIS = YES;
				CLANG_WARN_STRICT_PROTOTYPES = YES;
				CLANG_WARN_SUSPICIOUS_MOVE = YES;
				CLANG_WARN_UNGUARDED_AVAILABILITY = YES_AGGRESSIVE;
				CLANG_WARN_UNREACHABLE_CODE = YES;
				CLANG_WARN__DUPLICATE_METHOD_MATCH = YES;
				COPY_PHASE_STRIP = NO;
				DEBUG_INFORMATION_FORMAT = dwarf;
				ENABLE_STRICT_OBJC_MSGSEND = YES;
				ENABLE_TESTABILITY = YES;
				GCC_C_LANGUAGE_STANDARD = gnu11;
				GCC_DYNAMIC_NO_PIC = NO;
				GCC_NO_COMMON_BLOCKS = YES;
				GCC_OPTIMIZATION_LEVEL = 0;
				GCC_PREPROCESSOR_DEFINITIONS = (
					"DEBUG=1",
					"$(inherited)",
				);
				GCC_WARN_64_TO_32_BIT_CONVERSION = YES;
				GCC_WARN_ABOUT_RETURN_TYPE = YES_ERROR;
				GCC_WARN_UNDECLARED_SELECTOR = YES;
				GCC_WARN_UNINITIALIZED_AUTOS = YES_AGGRESSIVE;
				GCC_WARN_UNUSED_FUNCTION = YES;
				GCC_WARN_UNUSED_VARIABLE = YES;
				IPHONEOS_DEPLOYMENT_TARGET = 13.0;
				MTL_ENABLE_DEBUG_INFO = INCLUDE_SOURCE;
				MTL_FAST_MATH = YES;
				ONLY_ACTIVE_ARCH = YES;
				SDKROOT = iphoneos;
				SWIFT_ACTIVE_COMPILATION_CONDITIONS = DEBUG;
				SWIFT_OPTIMIZATION_LEVEL = "-Onone";
			};
			name = Debug;
		};
		12C1358F2858FD760002F85A /* Release */ = {
			isa = XCBuildConfiguration;
			buildSettings = {
				ALWAYS_SEARCH_USER_PATHS = NO;
				CLANG_ANALYZER_NONNULL = YES;
				CLANG_ANALYZER_NUMBER_OBJECT_CONVERSION = YES_AGGRESSIVE;
				CLANG_CXX_LANGUAGE_STANDARD = "gnu++17";
				CLANG_ENABLE_MODULES = YES;
				CLANG_ENABLE_OBJC_ARC = YES;
				CLANG_ENABLE_OBJC_WEAK = YES;
				CLANG_WARN_BLOCK_CAPTURE_AUTORELEASING = YES;
				CLANG_WARN_BOOL_CONVERSION = YES;
				CLANG_WARN_COMMA = YES;
				CLANG_WARN_CONSTANT_CONVERSION = YES;
				CLANG_WARN_DEPRECATED_OBJC_IMPLEMENTATIONS = YES;
				CLANG_WARN_DIRECT_OBJC_ISA_USAGE = YES_ERROR;
				CLANG_WARN_DOCUMENTATION_COMMENTS = YES;
				CLANG_WARN_EMPTY_BODY = YES;
				CLANG_WARN_ENUM_CONVERSION = YES;
				CLANG_WARN_INFINITE_RECURSION = YES;
				CLANG_WARN_INT_CONVERSION = YES;
				CLANG_WARN_NON_LITERAL_NULL_CONVERSION = YES;
				CLANG_WARN_OBJC_IMPLICIT_RETAIN_SELF = YES;
				CLANG_WARN_OBJC_LITERAL_CONVERSION = YES;
				CLANG_WARN_OBJC_ROOT_CLASS = YES_ERROR;
				CLANG_WARN_QUOTED_INCLUDE_IN_FRAMEWORK_HEADER = YES;
				CLANG_WARN_RANGE_LOOP_ANALYSIS = YES;
				CLANG_WARN_STRICT_PROTOTYPES = YES;
				CLANG_WARN_SUSPICIOUS_MOVE = YES;
				CLANG_WARN_UNGUARDED_AVAILABILITY = YES_AGGRESSIVE;
				CLANG_WARN_UNREACHABLE_CODE = YES;
				CLANG_WARN__DUPLICATE_METHOD_MATCH = YES;
				COPY_PHASE_STRIP = NO;
				DEBUG_INFORMATION_FORMAT = "dwarf-with-dsym";
				ENABLE_NS_ASSERTIONS = NO;
				ENABLE_STRICT_OBJC_MSGSEND = YES;
				GCC_C_LANGUAGE_STANDARD = gnu11;
				GCC_NO_COMMON_BLOCKS = YES;
				GCC_WARN_64_TO_32_BIT_CONVERSION = YES;
				GCC_WARN_ABOUT_RETURN_TYPE = YES_ERROR;
				GCC_WARN_UNDECLARED_SELECTOR = YES;
				GCC_WARN_UNINITIALIZED_AUTOS = YES_AGGRESSIVE;
				GCC_WARN_UNUSED_FUNCTION = YES;
				GCC_WARN_UNUSED_VARIABLE = YES;
				IPHONEOS_DEPLOYMENT_TARGET = 13.0;
				MTL_ENABLE_DEBUG_INFO = NO;
				MTL_FAST_MATH = YES;
				SDKROOT = iphoneos;
				SWIFT_COMPILATION_MODE = wholemodule;
				SWIFT_OPTIMIZATION_LEVEL = "-O";
				VALIDATE_PRODUCT = YES;
			};
			name = Release;
		};
		12C135912858FD760002F85A /* Debug */ = {
			isa = XCBuildConfiguration;
			buildSettings = {
				ASSETCATALOG_COMPILER_APPICON_NAME = AppIcon;
				ASSETCATALOG_COMPILER_GLOBAL_ACCENT_COLOR_NAME = AccentColor;
				CODE_SIGN_STYLE = Automatic;
				CURRENT_PROJECT_VERSION = 1;
				DEVELOPMENT_TEAM = RPQ3VF2JBZ;
				GENERATE_INFOPLIST_FILE = YES;
				INFOPLIST_FILE = trader/Info.plist;
				INFOPLIST_KEY_UIApplicationSupportsIndirectInputEvents = YES;
				INFOPLIST_KEY_UILaunchStoryboardName = LaunchScreen;
				INFOPLIST_KEY_UISupportedInterfaceOrientations = UIInterfaceOrientationPortrait;
				INFOPLIST_KEY_UISupportedInterfaceOrientations_iPad = "UIInterfaceOrientationPortrait UIInterfaceOrientationPortraitUpsideDown UIInterfaceOrientationLandscapeLeft UIInterfaceOrientationLandscapeRight";
				INFOPLIST_KEY_UISupportedInterfaceOrientations_iPhone = "UIInterfaceOrientationPortrait UIInterfaceOrientationLandscapeLeft UIInterfaceOrientationLandscapeRight";
				LD_RUNPATH_SEARCH_PATHS = (
					"$(inherited)",
					"@executable_path/Frameworks",
				);
				MARKETING_VERSION = 1.0;
				PRODUCT_BUNDLE_IDENTIFIER = com.mfsaglam.trader;
				PRODUCT_NAME = "$(TARGET_NAME)";
				SWIFT_EMIT_LOC_STRINGS = YES;
				SWIFT_VERSION = 5.0;
				TARGETED_DEVICE_FAMILY = 1;
			};
			name = Debug;
		};
		12C135922858FD760002F85A /* Release */ = {
			isa = XCBuildConfiguration;
			buildSettings = {
				ASSETCATALOG_COMPILER_APPICON_NAME = AppIcon;
				ASSETCATALOG_COMPILER_GLOBAL_ACCENT_COLOR_NAME = AccentColor;
				CODE_SIGN_STYLE = Automatic;
				CURRENT_PROJECT_VERSION = 1;
				DEVELOPMENT_TEAM = RPQ3VF2JBZ;
				GENERATE_INFOPLIST_FILE = YES;
				INFOPLIST_FILE = trader/Info.plist;
				INFOPLIST_KEY_UIApplicationSupportsIndirectInputEvents = YES;
				INFOPLIST_KEY_UILaunchStoryboardName = LaunchScreen;
				INFOPLIST_KEY_UISupportedInterfaceOrientations = UIInterfaceOrientationPortrait;
				INFOPLIST_KEY_UISupportedInterfaceOrientations_iPad = "UIInterfaceOrientationPortrait UIInterfaceOrientationPortraitUpsideDown UIInterfaceOrientationLandscapeLeft UIInterfaceOrientationLandscapeRight";
				INFOPLIST_KEY_UISupportedInterfaceOrientations_iPhone = "UIInterfaceOrientationPortrait UIInterfaceOrientationLandscapeLeft UIInterfaceOrientationLandscapeRight";
				LD_RUNPATH_SEARCH_PATHS = (
					"$(inherited)",
					"@executable_path/Frameworks",
				);
				MARKETING_VERSION = 1.0;
				PRODUCT_BUNDLE_IDENTIFIER = com.mfsaglam.trader;
				PRODUCT_NAME = "$(TARGET_NAME)";
				SWIFT_EMIT_LOC_STRINGS = YES;
				SWIFT_VERSION = 5.0;
				TARGETED_DEVICE_FAMILY = 1;
			};
			name = Release;
		};
/* End XCBuildConfiguration section */

/* Begin XCConfigurationList section */
		12C135772858FD750002F85A /* Build configuration list for PBXProject "trader" */ = {
			isa = XCConfigurationList;
			buildConfigurations = (
				12C1358E2858FD760002F85A /* Debug */,
				12C1358F2858FD760002F85A /* Release */,
			);
			defaultConfigurationIsVisible = 0;
			defaultConfigurationName = Release;
		};
		12C135902858FD760002F85A /* Build configuration list for PBXNativeTarget "trader" */ = {
			isa = XCConfigurationList;
			buildConfigurations = (
				12C135912858FD760002F85A /* Debug */,
				12C135922858FD760002F85A /* Release */,
			);
			defaultConfigurationIsVisible = 0;
			defaultConfigurationName = Release;
		};
/* End XCConfigurationList section */
	};
	rootObject = 12C135742858FD750002F85A /* Project object */;
}
